
Microsoft Visual Studio Solution File, Format Version 12.00
# Visual Studio Version 16
VisualStudioVersion = 16.0.31624.102
MinimumVisualStudioVersion = 10.0.40219.1
Project("{FAE04EC0-301F-11D3-BF4B-00C04F79EFBC}") = "BlazorSignalRChatAppWithDotNetCore5", "BlazorSignalRChatAppWithDotNetCore5\BlazorSignalRChatAppWithDotNetCore5.csproj", "{43373F4D-DA47-4DAA-B36B-C67941B1EFAC}"
EndProject
Global
	GlobalSection(SolutionConfigurationPlatforms) = preSolution
		Debug|Any CPU = Debug|Any CPU
		Release|Any CPU = Release|Any CPU
	EndGlobalSection
	GlobalSection(ProjectConfigurationPlatforms) = postSolution
		{43373F4D-DA47-4DAA-B36B-C67941B1EFAC}.Debug|Any CPU.ActiveCfg = Debug|Any CPU
		{43373F4D-DA47-4DAA-B36B-C67941B1EFAC}.Debug|Any CPU.Build.0 = Debug|Any CPU
		{43373F4D-DA47-4DAA-B36B-C67941B1EFAC}.Release|Any CPU.ActiveCfg = Release|Any CPU
		{43373F4D-DA47-4DAA-B36B-C67941B1EFAC}.Release|Any CPU.Build.0 = Release|Any CPU
	EndGlobalSection
	GlobalSection(SolutionProperties) = preSolution
		HideSolutionNode = FALSE
	EndGlobalSection
	GlobalSection(ExtensibilityGlobals) = postSolution
		SolutionGuid = {3BE2A995-956A-405C-9F18-7E56358073EC}
	EndGlobalSection
EndGlobal
